// !$*UTF8*$!
{
	archiveVersion = 1;
	classes = {
	};
	objectVersion = 77;
	objects = {

/* Begin PBXBuildFile section */
		1970CED9B3E169FAC3C025D2 /* CountryDetailView.swift in Sources */ = {isa = PBXBuildFile; fileRef = 1FCA32480267621CEC2A498D /* CountryDetailView.swift */; };
		1D930F21C7FAD9764F665ABF /* HomeView.swift in Sources */ = {isa = PBXBuildFile; fileRef = 9A03E6D35B86AB4EA688F13C /* HomeView.swift */; };
		27278152A246426C7DE0ACF5 /* Theme.swift in Sources */ = {isa = PBXBuildFile; fileRef = BB26CA6ED291DA315AF5D1C1 /* Theme.swift */; };
		339A141882E7D51120155E51 /* TripDetailView.swift in Sources */ = {isa = PBXBuildFile; fileRef = ECD1A70CFB33153916CEB251 /* TripDetailView.swift */; };
		36D0D813778BE506F0DF4797 /* CountryCollectionView.swift in Sources */ = {isa = PBXBuildFile; fileRef = F71DEF0543F2AA1D200C6E8E /* CountryCollectionView.swift */; };
		4532904B5113F80538B4D42F /* LegalText.swift in Sources */ = {isa = PBXBuildFile; fileRef = 42BA1F57A257575DB499C2C2 /* LegalText.swift */; };
		45BD30A045E798E6AAC84FA1 /* CountryBrowserView.swift in Sources */ = {isa = PBXBuildFile; fileRef = 4BF493A3EB51BBAAF888BC82 /* CountryBrowserView.swift */; };
		52010C8415F1100DD38F8CDC /* CountryBorders.geojson in Resources */ = {isa = PBXBuildFile; fileRef = DF2E80A478CB348409EDF739 /* CountryBorders.geojson */; };
		71F47CC011E4E954A0BCDD3B /* ChromeVisibility.swift in Sources */ = {isa = PBXBuildFile; fileRef = 5F634CCC6B64063E05EB48EA /* ChromeVisibility.swift */; };
		720D0EAF8C5BCA0E347B3866 /* CountryCatalog.swift in Sources */ = {isa = PBXBuildFile; fileRef = 8D8CCD0DEFF732C51E029023 /* CountryCatalog.swift */; };
		7A09357AF4B6467CD520C35B /* Localizable.xcstrings in Resources */ = {isa = PBXBuildFile; fileRef = 12C68207DB90F22B075CC166 /* Localizable.xcstrings */; };
		80145E4E98016DD788BD441B /* TimelineView.swift in Sources */ = {isa = PBXBuildFile; fileRef = 7A75E025B2A78EC8923433B2 /* TimelineView.swift */; };
		81A1665A9B7598D90A696D84 /* MapModeControls.swift in Sources */ = {isa = PBXBuildFile; fileRef = 3B04E71AF567955EBD161ABF /* MapModeControls.swift */; };
		8BC8E33150F9ECCD98BEC401 /* TripFormView.swift in Sources */ = {isa = PBXBuildFile; fileRef = D99DDD370B21E8A6787D600E /* TripFormView.swift */; };
		8CB38B156B6A704D32D66910 /* HomeCountryHistorySection.swift in Sources */ = {isa = PBXBuildFile; fileRef = DF20F1FD1875380591F63F70 /* HomeCountryHistorySection.swift */; };
		8EF87F62BB0F8AE33B1F1F40 /* LaunchAnimationView.swift in Sources */ = {isa = PBXBuildFile; fileRef = 2F7727CC9BA23611CCB1B702 /* LaunchAnimationView.swift */; };
		92DBE3784713A1BDF9D0DD99 /* ImageCompression.swift in Sources */ = {isa = PBXBuildFile; fileRef = E3A7A700380AA4F3F52ABD68 /* ImageCompression.swift */; };
		9502BC15ED04454EF2605F9B /* MapColoringMode.swift in Sources */ = {isa = PBXBuildFile; fileRef = 5FD11CA586C55AC1BD5BEFD0 /* MapColoringMode.swift */; };
		95D362FBD2E1E76DE3CE677F /* Models.swift in Sources */ = {isa = PBXBuildFile; fileRef = F97B79A40B89BC55D68AE650 /* Models.swift */; };
		A1ED65701143E0AB1CA6FF05 /* CountryPickerView.swift in Sources */ = {isa = PBXBuildFile; fileRef = FB5B0F759D1ABF8902E992CE /* CountryPickerView.swift */; };
		A2DC84C5E6301CF1C6766B63 /* AppearanceMode.swift in Sources */ = {isa = PBXBuildFile; fileRef = 88FBC3DBD47F18C4841EF57A /* AppearanceMode.swift */; };
		B3251748728333779C6BBA1C /* TriporyApp.swift in Sources */ = {isa = PBXBuildFile; fileRef = A812DFF9A3A4DB69226248BA /* TriporyApp.swift */; };
		CBD88CCD41FA4B89861E031C /* SettingsView.swift in Sources */ = {isa = PBXBuildFile; fileRef = 9B019F72F0D7FFBA9CB7BD67 /* SettingsView.swift */; };
		D91B4D81D9D0513F8505329D /* CountryBorders.swift in Sources */ = {isa = PBXBuildFile; fileRef = 4DD6B055679D65C12F830030 /* CountryBorders.swift */; };
		DBBF2FF65955E751EBD061FD /* CountryCoordinates.swift in Sources */ = {isa = PBXBuildFile; fileRef = 37CF2D1D4450C69122AA9C98 /* CountryCoordinates.swift */; };
		DBE09CDB445BF377FE9FA4B1 /* WorldMapView.swift in Sources */ = {isa = PBXBuildFile; fileRef = 816C1A7CA03C774544239B69 /* WorldMapView.swift */; };
		E33F56ECA9D93D6511ABFCB2 /* OnboardingView.swift in Sources */ = {isa = PBXBuildFile; fileRef = C9DD3E2E3DDF6685A9A4A1CA /* OnboardingView.swift */; };
		E81347A82D8178B776228D38 /* SettingsBarButton.swift in Sources */ = {isa = PBXBuildFile; fileRef = B99ED543216661B7DFB2E68F /* SettingsBarButton.swift */; };
		F300E37351B9074EFE57D108 /* StaticWorldMap.swift in Sources */ = {isa = PBXBuildFile; fileRef = A6F5FC39E4F7BBF98345DF02 /* StaticWorldMap.swift */; };
/* End PBXBuildFile section */

/* Begin PBXFileReference section */
		12C68207DB90F22B075CC166 /* Localizable.xcstrings */ = {isa = PBXFileReference; lastKnownFileType = text.json.xcstrings; path = Localizable.xcstrings; sourceTree = "<group>"; };
		1FCA32480267621CEC2A498D /* CountryDetailView.swift */ = {isa = PBXFileReference; lastKnownFileType = sourcecode.swift; path = CountryDetailView.swift; sourceTree = "<group>"; };
		2F7727CC9BA23611CCB1B702 /* LaunchAnimationView.swift */ = {isa = PBXFileReference; lastKnownFileType = sourcecode.swift; path = LaunchAnimationView.swift; sourceTree = "<group>"; };
		37CF2D1D4450C69122AA9C98 /* CountryCoordinates.swift */ = {isa = PBXFileReference; lastKnownFileType = sourcecode.swift; path = CountryCoordinates.swift; sourceTree = "<group>"; };
		3B04E71AF567955EBD161ABF /* MapModeControls.swift */ = {isa = PBXFileReference; lastKnownFileType = sourcecode.swift; path = MapModeControls.swift; sourceTree = "<group>"; };
		42BA1F57A257575DB499C2C2 /* LegalText.swift */ = {isa = PBXFileReference; lastKnownFileType = sourcecode.swift; path = LegalText.swift; sourceTree = "<group>"; };
		4BF493A3EB51BBAAF888BC82 /* CountryBrowserView.swift */ = {isa = PBXFileReference; lastKnownFileType = sourcecode.swift; path = CountryBrowserView.swift; sourceTree = "<group>"; };
		4DD6B055679D65C12F830030 /* CountryBorders.swift */ = {isa = PBXFileReference; lastKnownFileType = sourcecode.swift; path = CountryBorders.swift; sourceTree = "<group>"; };
		5F634CCC6B64063E05EB48EA /* ChromeVisibility.swift */ = {isa = PBXFileReference; lastKnownFileType = sourcecode.swift; path = ChromeVisibility.swift; sourceTree = "<group>"; };
		5FD11CA586C55AC1BD5BEFD0 /* MapColoringMode.swift */ = {isa = PBXFileReference; lastKnownFileType = sourcecode.swift; path = MapColoringMode.swift; sourceTree = "<group>"; };
		7A75E025B2A78EC8923433B2 /* TimelineView.swift */ = {isa = PBXFileReference; lastKnownFileType = sourcecode.swift; path = TimelineView.swift; sourceTree = "<group>"; };
		816C1A7CA03C774544239B69 /* WorldMapView.swift */ = {isa = PBXFileReference; lastKnownFileType = sourcecode.swift; path = WorldMapView.swift; sourceTree = "<group>"; };
		88FBC3DBD47F18C4841EF57A /* AppearanceMode.swift */ = {isa = PBXFileReference; lastKnownFileType = sourcecode.swift; path = AppearanceMode.swift; sourceTree = "<group>"; };
		8D8CCD0DEFF732C51E029023 /* CountryCatalog.swift */ = {isa = PBXFileReference; lastKnownFileType = sourcecode.swift; path = CountryCatalog.swift; sourceTree = "<group>"; };
		9A03E6D35B86AB4EA688F13C /* HomeView.swift */ = {isa = PBXFileReference; lastKnownFileType = sourcecode.swift; path = HomeView.swift; sourceTree = "<group>"; };
		9B019F72F0D7FFBA9CB7BD67 /* SettingsView.swift */ = {isa = PBXFileReference; lastKnownFileType = sourcecode.swift; path = SettingsView.swift; sourceTree = "<group>"; };
		A6F5FC39E4F7BBF98345DF02 /* StaticWorldMap.swift */ = {isa = PBXFileReference; lastKnownFileType = sourcecode.swift; path = StaticWorldMap.swift; sourceTree = "<group>"; };
		A812DFF9A3A4DB69226248BA /* TriporyApp.swift */ = {isa = PBXFileReference; lastKnownFileType = sourcecode.swift; path = TriporyApp.swift; sourceTree = "<group>"; };
		B99ED543216661B7DFB2E68F /* SettingsBarButton.swift */ = {isa = PBXFileReference; lastKnownFileType = sourcecode.swift; path = SettingsBarButton.swift; sourceTree = "<group>"; };
		BB26CA6ED291DA315AF5D1C1 /* Theme.swift */ = {isa = PBXFileReference; lastKnownFileType = sourcecode.swift; path = Theme.swift; sourceTree = "<group>"; };
		C9DD3E2E3DDF6685A9A4A1CA /* OnboardingView.swift */ = {isa = PBXFileReference; lastKnownFileType = sourcecode.swift; path = OnboardingView.swift; sourceTree = "<group>"; };
		D99DDD370B21E8A6787D600E /* TripFormView.swift */ = {isa = PBXFileReference; lastKnownFileType = sourcecode.swift; path = TripFormView.swift; sourceTree = "<group>"; };
		DF20F1FD1875380591F63F70 /* HomeCountryHistorySection.swift */ = {isa = PBXFileReference; lastKnownFileType = sourcecode.swift; path = HomeCountryHistorySection.swift; sourceTree = "<group>"; };
		DF2E80A478CB348409EDF739 /* CountryBorders.geojson */ = {isa = PBXFileReference; path = CountryBorders.geojson; sourceTree = "<group>"; };
		E140AB2634DBDCC79DFDAC9F /* Tripory.app */ = {isa = PBXFileReference; includeInIndex = 0; lastKnownFileType = wrapper.application; path = Tripory.app; sourceTree = BUILT_PRODUCTS_DIR; };
		E3A7A700380AA4F3F52ABD68 /* ImageCompression.swift */ = {isa = PBXFileReference; lastKnownFileType = sourcecode.swift; path = ImageCompression.swift; sourceTree = "<group>"; };
		ECD1A70CFB33153916CEB251 /* TripDetailView.swift */ = {isa = PBXFileReference; lastKnownFileType = sourcecode.swift; path = TripDetailView.swift; sourceTree = "<group>"; };
		F71DEF0543F2AA1D200C6E8E /* CountryCollectionView.swift */ = {isa = PBXFileReference; lastKnownFileType = sourcecode.swift; path = CountryCollectionView.swift; sourceTree = "<group>"; };
		F97B79A40B89BC55D68AE650 /* Models.swift */ = {isa = PBXFileReference; lastKnownFileType = sourcecode.swift; path = Models.swift; sourceTree = "<group>"; };
		FB5B0F759D1ABF8902E992CE /* CountryPickerView.swift */ = {isa = PBXFileReference; lastKnownFileType = sourcecode.swift; path = CountryPickerView.swift; sourceTree = "<group>"; };
/* End PBXFileReference section */

/* Begin PBXGroup section */
		47C48C0653D7F1D9E5501575 = {
			isa = PBXGroup;
			children = (
				F51C0A5133BF46F769D599E2 /* Tripory */,
				500B3B9F87813D053E9F7C9F /* Products */,
			);
			sourceTree = "<group>";
		};
		500B3B9F87813D053E9F7C9F /* Products */ = {
			isa = PBXGroup;
			children = (
				E140AB2634DBDCC79DFDAC9F /* Tripory.app */,
			);
			name = Products;
			sourceTree = "<group>";
		};
		5A991CDD35065C0209E824B7 /* Resources */ = {
			isa = PBXGroup;
			children = (
				DF2E80A478CB348409EDF739 /* CountryBorders.geojson */,
				12C68207DB90F22B075CC166 /* Localizable.xcstrings */,
			);
			path = Resources;
			sourceTree = "<group>";
		};
		F51C0A5133BF46F769D599E2 /* Tripory */ = {
			isa = PBXGroup;
			children = (
				88FBC3DBD47F18C4841EF57A /* AppearanceMode.swift */,
				5F634CCC6B64063E05EB48EA /* ChromeVisibility.swift */,
				4DD6B055679D65C12F830030 /* CountryBorders.swift */,
				4BF493A3EB51BBAAF888BC82 /* CountryBrowserView.swift */,
				8D8CCD0DEFF732C51E029023 /* CountryCatalog.swift */,
				F71DEF0543F2AA1D200C6E8E /* CountryCollectionView.swift */,
				37CF2D1D4450C69122AA9C98 /* CountryCoordinates.swift */,
				1FCA32480267621CEC2A498D /* CountryDetailView.swift */,
				FB5B0F759D1ABF8902E992CE /* CountryPickerView.swift */,
				DF20F1FD1875380591F63F70 /* HomeCountryHistorySection.swift */,
				9A03E6D35B86AB4EA688F13C /* HomeView.swift */,
				E3A7A700380AA4F3F52ABD68 /* ImageCompression.swift */,
				2F7727CC9BA23611CCB1B702 /* LaunchAnimationView.swift */,
				42BA1F57A257575DB499C2C2 /* LegalText.swift */,
				5FD11CA586C55AC1BD5BEFD0 /* MapColoringMode.swift */,
				3B04E71AF567955EBD161ABF /* MapModeControls.swift */,
				F97B79A40B89BC55D68AE650 /* Models.swift */,
				C9DD3E2E3DDF6685A9A4A1CA /* OnboardingView.swift */,
				B99ED543216661B7DFB2E68F /* SettingsBarButton.swift */,
				9B019F72F0D7FFBA9CB7BD67 /* SettingsView.swift */,
				A6F5FC39E4F7BBF98345DF02 /* StaticWorldMap.swift */,
				BB26CA6ED291DA315AF5D1C1 /* Theme.swift */,
				7A75E025B2A78EC8923433B2 /* TimelineView.swift */,
				ECD1A70CFB33153916CEB251 /* TripDetailView.swift */,
				D99DDD370B21E8A6787D600E /* TripFormView.swift */,
				A812DFF9A3A4DB69226248BA /* TriporyApp.swift */,
				816C1A7CA03C774544239B69 /* WorldMapView.swift */,
				5A991CDD35065C0209E824B7 /* Resources */,
			);
			path = Tripory;
			sourceTree = "<group>";
		};
/* End PBXGroup section */

/* Begin PBXNativeTarget section */
		ADAF4E238CC32D43D335B515 /* Tripory */ = {
			isa = PBXNativeTarget;
			buildConfigurationList = BF1B83C33B6B0490AB5C65B6 /* Build configuration list for PBXNativeTarget "Tripory" */;
			buildPhases = (
				A4E0C566490C6048359A4F31 /* Sources */,
				C5BD0F65C25F62F97B24407E /* Resources */,
			);
			buildRules = (
			);
			dependencies = (
			);
			name = Tripory;
			packageProductDependencies = (
			);
			productName = Tripory;
			productReference = E140AB2634DBDCC79DFDAC9F /* Tripory.app */;
			productType = "com.apple.product-type.application";
		};
/* End PBXNativeTarget section */

/* Begin PBXProject section */
		37D1F056F7444619EC907A87 /* Project object */ = {
			isa = PBXProject;
			attributes = {
				BuildIndependentTargetsInParallel = YES;
				LastUpgradeCheck = 1430;
				TargetAttributes = {
				};
			};
			buildConfigurationList = 226EF5106DDC35048C779EE4 /* Build configuration list for PBXProject "Tripory" */;
			developmentRegion = ja;
			hasScannedForEncodings = 0;
			knownRegions = (
				Base,
				en,
				es,
				fr,
				ja,
				ko,
				"zh-Hans",
			);
			mainGroup = 47C48C0653D7F1D9E5501575;
			minimizedProjectReferenceProxies = 1;
			preferredProjectObjectVersion = 77;
			productRefGroup = 500B3B9F87813D053E9F7C9F /* Products */;
			projectDirPath = "";
			projectRoot = "";
			targets = (
				ADAF4E238CC32D43D335B515 /* Tripory */,
			);
		};
/* End PBXProject section */

/* Begin PBXResourcesBuildPhase section */
		C5BD0F65C25F62F97B24407E /* Resources */ = {
			isa = PBXResourcesBuildPhase;
			buildActionMask = 2147483647;
			files = (
				52010C8415F1100DD38F8CDC /* CountryBorders.geojson in Resources */,
				7A09357AF4B6467CD520C35B /* Localizable.xcstrings in Resources */,
			);
			runOnlyForDeploymentPostprocessing = 0;
		};
/* End PBXResourcesBuildPhase section */

/* Begin PBXSourcesBuildPhase section */
		A4E0C566490C6048359A4F31 /* Sources */ = {
			isa = PBXSourcesBuildPhase;
			buildActionMask = 2147483647;
			files = (
				A2DC84C5E6301CF1C6766B63 /* AppearanceMode.swift in Sources */,
				71F47CC011E4E954A0BCDD3B /* ChromeVisibility.swift in Sources */,
				D91B4D81D9D0513F8505329D /* CountryBorders.swift in Sources */,
				45BD30A045E798E6AAC84FA1 /* CountryBrowserView.swift in Sources */,
				720D0EAF8C5BCA0E347B3866 /* CountryCatalog.swift in Sources */,
				36D0D813778BE506F0DF4797 /* CountryCollectionView.swift in Sources */,
				DBBF2FF65955E751EBD061FD /* CountryCoordinates.swift in Sources */,
				1970CED9B3E169FAC3C025D2 /* CountryDetailView.swift in Sources */,
				A1ED65701143E0AB1CA6FF05 /* CountryPickerView.swift in Sources */,
				8CB38B156B6A704D32D66910 /* HomeCountryHistorySection.swift in Sources */,
				1D930F21C7FAD9764F665ABF /* HomeView.swift in Sources */,
				92DBE3784713A1BDF9D0DD99 /* ImageCompression.swift in Sources */,
				8EF87F62BB0F8AE33B1F1F40 /* LaunchAnimationView.swift in Sources */,
				4532904B5113F80538B4D42F /* LegalText.swift in Sources */,
				9502BC15ED04454EF2605F9B /* MapColoringMode.swift in Sources */,
				81A1665A9B7598D90A696D84 /* MapModeControls.swift in Sources */,
				95D362FBD2E1E76DE3CE677F /* Models.swift in Sources */,
				E33F56ECA9D93D6511ABFCB2 /* OnboardingView.swift in Sources */,
				E81347A82D8178B776228D38 /* SettingsBarButton.swift in Sources */,
				CBD88CCD41FA4B89861E031C /* SettingsView.swift in Sources */,
				F300E37351B9074EFE57D108 /* StaticWorldMap.swift in Sources */,
				27278152A246426C7DE0ACF5 /* Theme.swift in Sources */,
				80145E4E98016DD788BD441B /* TimelineView.swift in Sources */,
				339A141882E7D51120155E51 /* TripDetailView.swift in Sources */,
				8BC8E33150F9ECCD98BEC401 /* TripFormView.swift in Sources */,
				B3251748728333779C6BBA1C /* TriporyApp.swift in Sources */,
				DBE09CDB445BF377FE9FA4B1 /* WorldMapView.swift in Sources */,
			);
			runOnlyForDeploymentPostprocessing = 0;
		};
/* End PBXSourcesBuildPhase section */

/* Begin XCBuildConfiguration section */
		4E92DCF8395176969E5D5CE4 /* Release */ = {
			isa = XCBuildConfiguration;
			buildSettings = {
				ASSETCATALOG_COMPILER_APPICON_NAME = AppIcon;
				CODE_SIGN_IDENTITY = "iPhone Developer";
				CURRENT_PROJECT_VERSION = 1;
				GENERATE_INFOPLIST_FILE = YES;
				INFOPLIST_KEY_CFBundleDisplayName = Tripory;
				INFOPLIST_KEY_UILaunchScreen_Generation = YES;
				INFOPLIST_KEY_UISupportedInterfaceOrientations = UIInterfaceOrientationPortrait;
				LD_RUNPATH_SEARCH_PATHS = (
					"$(inherited)",
					"@executable_path/Frameworks",
				);
				MARKETING_VERSION = 1.0;
				PRODUCT_BUNDLE_IDENTIFIER = com.tomokichi.Tripory;
				SDKROOT = iphoneos;
				SWIFT_VERSION = 5.0;
				TARGETED_DEVICE_FAMILY = 1;
			};
			name = Release;
		};
		5DF226E4E067967C79D0E7C5 /* Debug */ = {
			isa = XCBuildConfiguration;
			buildSettings = {
				ALWAYS_SEARCH_USER_PATHS = NO;
				CLANG_ANALYZER_NONNULL = YES;
				CLANG_ANALYZER_NUMBER_OBJECT_CONVERSION = YES_AGGRESSIVE;
				CLANG_CXX_LANGUAGE_STANDARD = "gnu++14";
				CLANG_CXX_LIBRARY = "libc++";
				CLANG_ENABLE_MODULES = YES;
				CLANG_ENABLE_OBJC_ARC = YES;
				CLANG_ENABLE_OBJC_WEAK = YES;
				CLANG_WARN_BLOCK_CAPTURE_AUTORELEASING = YES;
				CLANG_WARN_BOOL_CONVERSION = YES;
				CLANG_WARN_COMMA = YES;
				CLANG_WARN_CONSTANT_CONVERSION = YES;
				CLANG_WARN_DEPRECATED_OBJC_IMPLEMENTATIONS = YES;
				CLANG_WARN_DIRECT_OBJC_ISA_USAGE = YES_ERROR;
				CLANG_WARN_DOCUMENTATION_COMMENTS = YES;
				CLANG_WARN_EMPTY_BODY = YES;
				CLANG_WARN_ENUM_CONVERSION = YES;
				CLANG_WARN_INFINITE_RECURSION = YES;
				CLANG_WARN_INT_CONVERSION = YES;
				CLANG_WARN_NON_LITERAL_NULL_CONVERSION = YES;
				CLANG_WARN_OBJC_IMPLICIT_RETAIN_SELF = YES;
				CLANG_WARN_OBJC_LITERAL_CONVERSION = YES;
				CLANG_WARN_OBJC_ROOT_CLASS = YES_ERROR;
				CLANG_WARN_QUOTED_INCLUDE_IN_FRAMEWORK_HEADER = YES;
				CLANG_WARN_RANGE_LOOP_ANALYSIS = YES;
				CLANG_WARN_STRICT_PROTOTYPES = YES;
				CLANG_WARN_SUSPICIOUS_MOVE = YES;
				CLANG_WARN_UNGUARDED_AVAILABILITY = YES_AGGRESSIVE;
				CLANG_WARN_UNREACHABLE_CODE = YES;
				CLANG_WARN__DUPLICATE_METHOD_MATCH = YES;
				COPY_PHASE_STRIP = NO;
				DEBUG_INFORMATION_FORMAT = dwarf;
				ENABLE_STRICT_OBJC_MSGSEND = YES;
				ENABLE_TESTABILITY = YES;
				GCC_C_LANGUAGE_STANDARD = gnu11;
				GCC_DYNAMIC_NO_PIC = NO;
				GCC_NO_COMMON_BLOCKS = YES;
				GCC_OPTIMIZATION_LEVEL = 0;
				GCC_PREPROCESSOR_DEFINITIONS = (
					"$(inherited)",
					"DEBUG=1",
				);
				GCC_WARN_64_TO_32_BIT_CONVERSION = YES;
				GCC_WARN_ABOUT_RETURN_TYPE = YES_ERROR;
				GCC_WARN_UNDECLARED_SELECTOR = YES;
				GCC_WARN_UNINITIALIZED_AUTOS = YES_AGGRESSIVE;
				GCC_WARN_UNUSED_FUNCTION = YES;
				GCC_WARN_UNUSED_VARIABLE = YES;
				IPHONEOS_DEPLOYMENT_TARGET = 17.0;
				MTL_ENABLE_DEBUG_INFO = INCLUDE_SOURCE;
				MTL_FAST_MATH = YES;
				ONLY_ACTIVE_ARCH = YES;
				PRODUCT_NAME = "$(TARGET_NAME)";
				SDKROOT = iphoneos;
				SWIFT_ACTIVE_COMPILATION_CONDITIONS = DEBUG;
				SWIFT_OPTIMIZATION_LEVEL = "-Onone";
				SWIFT_VERSION = 5.0;
			};
			name = Debug;
		};
		ACCC1DEAEDFD9D40B38C8C76 /* Debug */ = {
			isa = XCBuildConfiguration;
			buildSettings = {
				ASSETCATALOG_COMPILER_APPICON_NAME = AppIcon;
				CODE_SIGN_IDENTITY = "iPhone Developer";
				CURRENT_PROJECT_VERSION = 1;
				GENERATE_INFOPLIST_FILE = YES;
				INFOPLIST_KEY_CFBundleDisplayName = Tripory;
				INFOPLIST_KEY_UILaunchScreen_Generation = YES;
				INFOPLIST_KEY_UISupportedInterfaceOrientations = UIInterfaceOrientationPortrait;
				LD_RUNPATH_SEARCH_PATHS = (
					"$(inherited)",
					"@executable_path/Frameworks",
				);
				MARKETING_VERSION = 1.0;
				PRODUCT_BUNDLE_IDENTIFIER = com.tomokichi.Tripory;
				SDKROOT = iphoneos;
				SWIFT_VERSION = 5.0;
				TARGETED_DEVICE_FAMILY = 1;
			};
			name = Debug;
		};
		F570B4AF2EA547BE0E41397D /* Release */ = {
			isa = XCBuildConfiguration;
			buildSettings = {
				ALWAYS_SEARCH_USER_PATHS = NO;
				CLANG_ANALYZER_NONNULL = YES;
				CLANG_ANALYZER_NUMBER_OBJECT_CONVERSION = YES_AGGRESSIVE;
				CLANG_CXX_LANGUAGE_STANDARD = "gnu++14";
				CLANG_CXX_LIBRARY = "libc++";
				CLANG_ENABLE_MODULES = YES;
				CLANG_ENABLE_OBJC_ARC = YES;
				CLANG_ENABLE_OBJC_WEAK = YES;
				CLANG_WARN_BLOCK_CAPTURE_AUTORELEASING = YES;
				CLANG_WARN_BOOL_CONVERSION = YES;
				CLANG_WARN_COMMA = YES;
				CLANG_WARN_CONSTANT_CONVERSION = YES;
				CLANG_WARN_DEPRECATED_OBJC_IMPLEMENTATIONS = YES;
				CLANG_WARN_DIRECT_OBJC_ISA_USAGE = YES_ERROR;
				CLANG_WARN_DOCUMENTATION_COMMENTS = YES;
				CLANG_WARN_EMPTY_BODY = YES;
				CLANG_WARN_ENUM_CONVERSION = YES;
				CLANG_WARN_INFINITE_RECURSION = YES;
				CLANG_WARN_INT_CONVERSION = YES;
				CLANG_WARN_NON_LITERAL_NULL_CONVERSION = YES;
				CLANG_WARN_OBJC_IMPLICIT_RETAIN_SELF = YES;
				CLANG_WARN_OBJC_LITERAL_CONVERSION = YES;
				CLANG_WARN_OBJC_ROOT_CLASS = YES_ERROR;
				CLANG_WARN_QUOTED_INCLUDE_IN_FRAMEWORK_HEADER = YES;
				CLANG_WARN_RANGE_LOOP_ANALYSIS = YES;
				CLANG_WARN_STRICT_PROTOTYPES = YES;
				CLANG_WARN_SUSPICIOUS_MOVE = YES;
				CLANG_WARN_UNGUARDED_AVAILABILITY = YES_AGGRESSIVE;
				CLANG_WARN_UNREACHABLE_CODE = YES;
				CLANG_WARN__DUPLICATE_METHOD_MATCH = YES;
				COPY_PHASE_STRIP = NO;
				DEBUG_INFORMATION_FORMAT = "dwarf-with-dsym";
				ENABLE_NS_ASSERTIONS = NO;
				ENABLE_STRICT_OBJC_MSGSEND = YES;
				GCC_C_LANGUAGE_STANDARD = gnu11;
				GCC_NO_COMMON_BLOCKS = YES;
				GCC_WARN_64_TO_32_BIT_CONVERSION = YES;
				GCC_WARN_ABOUT_RETURN_TYPE = YES_ERROR;
				GCC_WARN_UNDECLARED_SELECTOR = YES;
				GCC_WARN_UNINITIALIZED_AUTOS = YES_AGGRESSIVE;
				GCC_WARN_UNUSED_FUNCTION = YES;
				GCC_WARN_UNUSED_VARIABLE = YES;
				IPHONEOS_DEPLOYMENT_TARGET = 17.0;
				MTL_ENABLE_DEBUG_INFO = NO;
				MTL_FAST_MATH = YES;
				PRODUCT_NAME = "$(TARGET_NAME)";
				SDKROOT = iphoneos;
				SWIFT_COMPILATION_MODE = wholemodule;
				SWIFT_OPTIMIZATION_LEVEL = "-O";
				SWIFT_VERSION = 5.0;
			};
			name = Release;
		};
/* End XCBuildConfiguration section */

/* Begin XCConfigurationList section */
		226EF5106DDC35048C779EE4 /* Build configuration list for PBXProject "Tripory" */ = {
			isa = XCConfigurationList;
			buildConfigurations = (
				5DF226E4E067967C79D0E7C5 /* Debug */,
				F570B4AF2EA547BE0E41397D /* Release */,
			);
			defaultConfigurationIsVisible = 0;
			defaultConfigurationName = Debug;
		};
		BF1B83C33B6B0490AB5C65B6 /* Build configuration list for PBXNativeTarget "Tripory" */ = {
			isa = XCConfigurationList;
			buildConfigurations = (
				ACCC1DEAEDFD9D40B38C8C76 /* Debug */,
				4E92DCF8395176969E5D5CE4 /* Release */,
			);
			defaultConfigurationIsVisible = 0;
			defaultConfigurationName = Debug;
		};
/* End XCConfigurationList section */
	};
	rootObject = 37D1F056F7444619EC907A87 /* Project object */;
}
